
Microsoft Visual Studio Solution File, Format Version 12.00
# Visual Studio Version 16
VisualStudioVersion = 16.0.31515.178
MinimumVisualStudioVersion = 10.0.40219.1
Project("{FAE04EC0-301F-11D3-BF4B-00C04F79EFBC}") = "MotelListings", "MotelListings.csproj", "{AB552CBF-584C-4FDE-83C9-AE86F99596DC}"
EndProject
Global
	GlobalSection(SolutionConfigurationPlatforms) = preSolution
		Debug|Any CPU = Debug|Any CPU
		Release|Any CPU = Release|Any CPU
	EndGlobalSection
	GlobalSection(ProjectConfigurationPlatforms) = postSolution
		{AB552CBF-584C-4FDE-83C9-AE86F99596DC}.Debug|Any CPU.ActiveCfg = Debug|Any CPU
		{AB552CBF-584C-4FDE-83C9-AE86F99596DC}.Debug|Any CPU.Build.0 = Debug|Any CPU
		{AB552CBF-584C-4FDE-83C9-AE86F99596DC}.Release|Any CPU.ActiveCfg = Release|Any CPU
		{AB552CBF-584C-4FDE-83C9-AE86F99596DC}.Release|Any CPU.Build.0 = Release|Any CPU
	EndGlobalSection
	GlobalSection(SolutionProperties) = preSolution
		HideSolutionNode = FALSE
	EndGlobalSection
	GlobalSection(ExtensibilityGlobals) = postSolution
		SolutionGuid = {3DA7499E-A815-44DB-A312-1D4D51F94426}
	EndGlobalSection
EndGlobal
